// !$*UTF8*$!
{
	archiveVersion = 1;
	classes = {
	};
	objectVersion = 46;
	objects = {

/* Begin PBXBuildFile section */
		30DA1CF41A61CF660055B98C /* main.m in Sources */ = {isa = PBXBuildFile; fileRef = 30DA1CF31A61CF660055B98C /* main.m */; };
		30DA1CF71A61CF660055B98C /* AppDelegate.m in Sources */ = {isa = PBXBuildFile; fileRef = 30DA1CF61A61CF660055B98C /* AppDelegate.m */; };
		30DA1CFD1A61CF660055B98C /* Main.storyboard in Resources */ = {isa = PBXBuildFile; fileRef = 30DA1CFB1A61CF660055B98C /* Main.storyboard */; };
		30DA1CFF1A61CF660055B98C /* Images.xcassets in Resources */ = {isa = PBXBuildFile; fileRef = 30DA1CFE1A61CF660055B98C /* Images.xcassets */; };
		30DA1D021A61CF660055B98C /* LaunchScreen.xib in Resources */ = {isa = PBXBuildFile; fileRef = 30DA1D001A61CF660055B98C /* LaunchScreen.xib */; };
		30DA1D0E1A61CF660055B98C /* Aerolineas_EjecutivasTests.m in Sources */ = {isa = PBXBuildFile; fileRef = 30DA1D0D1A61CF660055B98C /* Aerolineas_EjecutivasTests.m */; };
		30DA1D191A61D5130055B98C /* Hawer750ViewController.m in Sources */ = {isa = PBXBuildFile; fileRef = 30DA1D181A61D5130055B98C /* Hawer750ViewController.m */; };
		30DA1D1D1A61D8330055B98C /* Hawer400ViewController.m in Sources */ = {isa = PBXBuildFile; fileRef = 30DA1D1C1A61D8330055B98C /* Hawer400ViewController.m */; };
		30DA1D201A61D8460055B98C /* Jet45ViewController.m in Sources */ = {isa = PBXBuildFile; fileRef = 30DA1D1F1A61D8460055B98C /* Jet45ViewController.m */; };
/* End PBXBuildFile section */

/* Begin PBXContainerItemProxy section */
		30DA1D081A61CF660055B98C /* PBXContainerItemProxy */ = {
			isa = PBXContainerItemProxy;
			containerPortal = 30DA1CE61A61CF660055B98C /* Project object */;
			proxyType = 1;
			remoteGlobalIDString = 30DA1CED1A61CF660055B98C;
			remoteInfo = "Aerolineas Ejecutivas";
		};
/* End PBXContainerItemProxy section */

/* Begin PBXFileReference section */
		30DA1CEE1A61CF660055B98C /* Aerolineas Ejecutivas.app */ = {isa = PBXFileReference; explicitFileType = wrapper.application; includeInIndex = 0; path = "Aerolineas Ejecutivas.app"; sourceTree = BUILT_PRODUCTS_DIR; };
		30DA1CF21A61CF660055B98C /* Info.plist */ = {isa = PBXFileReference; lastKnownFileType = text.plist.xml; path = Info.plist; sourceTree = "<group>"; };
		30DA1CF31A61CF660055B98C /* main.m */ = {isa = PBXFileReference; lastKnownFileType = sourcecode.c.objc; path = main.m; sourceTree = "<group>"; };
		30DA1CF51A61CF660055B98C /* AppDelegate.h */ = {isa = PBXFileReference; lastKnownFileType = sourcecode.c.h; path = AppDelegate.h; sourceTree = "<group>"; };
		30DA1CF61A61CF660055B98C /* AppDelegate.m */ = {isa = PBXFileReference; lastKnownFileType = sourcecode.c.objc; path = AppDelegate.m; sourceTree = "<group>"; };
		30DA1CFC1A61CF660055B98C /* Base */ = {isa = PBXFileReference; lastKnownFileType = file.storyboard; name = Base; path = Base.lproj/Main.storyboard; sourceTree = "<group>"; };
		30DA1CFE1A61CF660055B98C /* Images.xcassets */ = {isa = PBXFileReference; lastKnownFileType = folder.assetcatalog; path = Images.xcassets; sourceTree = "<group>"; };
		30DA1D011A61CF660055B98C /* Base */ = {isa = PBXFileReference; lastKnownFileType = file.xib; name = Base; path = Base.lproj/LaunchScreen.xib; sourceTree = "<group>"; };
		30DA1D071A61CF660055B98C /* Aerolineas EjecutivasTests.xctest */ = {isa = PBXFileReference; explicitFileType = wrapper.cfbundle; includeInIndex = 0; path = "Aerolineas EjecutivasTests.xctest"; sourceTree = BUILT_PRODUCTS_DIR; };
		30DA1D0C1A61CF660055B98C /* Info.plist */ = {isa = PBXFileReference; lastKnownFileType = text.plist.xml; path = Info.plist; sourceTree = "<group>"; };
		30DA1D0D1A61CF660055B98C /* Aerolineas_EjecutivasTests.m */ = {isa = PBXFileReference; lastKnownFileType = sourcecode.c.objc; path = Aerolineas_EjecutivasTests.m; sourceTree = "<group>"; };
		30DA1D171A61D5130055B98C /* Hawer750ViewController.h */ = {isa = PBXFileReference; fileEncoding = 4; lastKnownFileType = sourcecode.c.h; path = Hawer750ViewController.h; sourceTree = "<group>"; };
		30DA1D181A61D5130055B98C /* Hawer750ViewController.m */ = {isa = PBXFileReference; fileEncoding = 4; lastKnownFileType = sourcecode.c.objc; path = Hawer750ViewController.m; sourceTree = "<group>"; };
		30DA1D1B1A61D8330055B98C /* Hawer400ViewController.h */ = {isa = PBXFileReference; fileEncoding = 4; lastKnownFileType = sourcecode.c.h; path = Hawer400ViewController.h; sourceTree = "<group>"; };
		30DA1D1C1A61D8330055B98C /* Hawer400ViewController.m */ = {isa = PBXFileReference; fileEncoding = 4; lastKnownFileType = sourcecode.c.objc; path = Hawer400ViewController.m; sourceTree = "<group>"; };
		30DA1D1E1A61D8460055B98C /* Jet45ViewController.h */ = {isa = PBXFileReference; fileEncoding = 4; lastKnownFileType = sourcecode.c.h; path = Jet45ViewController.h; sourceTree = "<group>"; };
		30DA1D1F1A61D8460055B98C /* Jet45ViewController.m */ = {isa = PBXFileReference; fileEncoding = 4; lastKnownFileType = sourcecode.c.objc; path = Jet45ViewController.m; sourceTree = "<group>"; };
/* End PBXFileReference section */

/* Begin PBXFrameworksBuildPhase section */
		30DA1CEB1A61CF660055B98C /* Frameworks */ = {
			isa = PBXFrameworksBuildPhase;
			buildActionMask = 2147483647;
			files = (
			);
			runOnlyForDeploymentPostprocessing = 0;
		};
		30DA1D041A61CF660055B98C /* Frameworks */ = {
			isa = PBXFrameworksBuildPhase;
			buildActionMask = 2147483647;
			files = (
			);
			runOnlyForDeploymentPostprocessing = 0;
		};
/* End PBXFrameworksBuildPhase section */

/* Begin PBXGroup section */
		30DA1CE51A61CF660055B98C = {
			isa = PBXGroup;
			children = (
				30DA1CF01A61CF660055B98C /* Aerolineas Ejecutivas */,
				30DA1D0A1A61CF660055B98C /* Aerolineas EjecutivasTests */,
				30DA1CEF1A61CF660055B98C /* Products */,
			);
			sourceTree = "<group>";
		};
		30DA1CEF1A61CF660055B98C /* Products */ = {
			isa = PBXGroup;
			children = (
				30DA1CEE1A61CF660055B98C /* Aerolineas Ejecutivas.app */,
				30DA1D071A61CF660055B98C /* Aerolineas EjecutivasTests.xctest */,
			);
			name = Products;
			sourceTree = "<group>";
		};
		30DA1CF01A61CF660055B98C /* Aerolineas Ejecutivas */ = {
			isa = PBXGroup;
			children = (
				30DA1CF51A61CF660055B98C /* AppDelegate.h */,
				30DA1CF61A61CF660055B98C /* AppDelegate.m */,
				30DA1D1A1A61D8040055B98C /* Controllers */,
				30DA1CFB1A61CF660055B98C /* Main.storyboard */,
				30DA1CFE1A61CF660055B98C /* Images.xcassets */,
				30DA1D001A61CF660055B98C /* LaunchScreen.xib */,
				30DA1CF11A61CF660055B98C /* Supporting Files */,
			);
			path = "Aerolineas Ejecutivas";
			sourceTree = "<group>";
		};
		30DA1CF11A61CF660055B98C /* Supporting Files */ = {
			isa = PBXGroup;
			children = (
				30DA1CF21A61CF660055B98C /* Info.plist */,
				30DA1CF31A61CF660055B98C /* main.m */,
			);
			name = "Supporting Files";
			sourceTree = "<group>";
		};
		30DA1D0A1A61CF660055B98C /* Aerolineas EjecutivasTests */ = {
			isa = PBXGroup;
			children = (
				30DA1D0D1A61CF660055B98C /* Aerolineas_EjecutivasTests.m */,
				30DA1D0B1A61CF660055B98C /* Supporting Files */,
			);
			path = "Aerolineas EjecutivasTests";
			sourceTree = "<group>";
		};
		30DA1D0B1A61CF660055B98C /* Supporting Files */ = {
			isa = PBXGroup;
			children = (
				30DA1D0C1A61CF660055B98C /* Info.plist */,
			);
			name = "Supporting Files";
			sourceTree = "<group>";
		};
		30DA1D1A1A61D8040055B98C /* Controllers */ = {
			isa = PBXGroup;
			children = (
				30DA1D171A61D5130055B98C /* Hawer750ViewController.h */,
				30DA1D181A61D5130055B98C /* Hawer750ViewController.m */,
				30DA1D1B1A61D8330055B98C /* Hawer400ViewController.h */,
				30DA1D1C1A61D8330055B98C /* Hawer400ViewController.m */,
				30DA1D1E1A61D8460055B98C /* Jet45ViewController.h */,
				30DA1D1F1A61D8460055B98C /* Jet45ViewController.m */,
			);
			name = Controllers;
			sourceTree = "<group>";
		};
/* End PBXGroup section */

/* Begin PBXNativeTarget section */
		30DA1CED1A61CF660055B98C /* Aerolineas Ejecutivas */ = {
			isa = PBXNativeTarget;
			buildConfigurationList = 30DA1D111A61CF660055B98C /* Build configuration list for PBXNativeTarget "Aerolineas Ejecutivas" */;
			buildPhases = (
				30DA1CEA1A61CF660055B98C /* Sources */,
				30DA1CEB1A61CF660055B98C /* Frameworks */,
				30DA1CEC1A61CF660055B98C /* Resources */,
			);
			buildRules = (
			);
			dependencies = (
			);
			name = "Aerolineas Ejecutivas";
			productName = "Aerolineas Ejecutivas";
			productReference = 30DA1CEE1A61CF660055B98C /* Aerolineas Ejecutivas.app */;
			productType = "com.apple.product-type.application";
		};
		30DA1D061A61CF660055B98C /* Aerolineas EjecutivasTests */ = {
			isa = PBXNativeTarget;
			buildConfigurationList = 30DA1D141A61CF660055B98C /* Build configuration list for PBXNativeTarget "Aerolineas EjecutivasTests" */;
			buildPhases = (
				30DA1D031A61CF660055B98C /* Sources */,
				30DA1D041A61CF660055B98C /* Frameworks */,
				30DA1D051A61CF660055B98C /* Resources */,
			);
			buildRules = (
			);
			dependencies = (
				30DA1D091A61CF660055B98C /* PBXTargetDependency */,
			);
			name = "Aerolineas EjecutivasTests";
			productName = "Aerolineas EjecutivasTests";
			productReference = 30DA1D071A61CF660055B98C /* Aerolineas EjecutivasTests.xctest */;
			productType = "com.apple.product-type.bundle.unit-test";
		};
/* End PBXNativeTarget section */

/* Begin PBXProject section */
		30DA1CE61A61CF660055B98C /* Project object */ = {
			isa = PBXProject;
			attributes = {
				LastUpgradeCheck = 0610;
				ORGANIZATIONNAME = "Arturo Gutierrez";
				TargetAttributes = {
					30DA1CED1A61CF660055B98C = {
						CreatedOnToolsVersion = 6.1.1;
					};
					30DA1D061A61CF660055B98C = {
						CreatedOnToolsVersion = 6.1.1;
						TestTargetID = 30DA1CED1A61CF660055B98C;
					};
				};
			};
			buildConfigurationList = 30DA1CE91A61CF660055B98C /* Build configuration list for PBXProject "Aerolineas Ejecutivas" */;
			compatibilityVersion = "Xcode 3.2";
			developmentRegion = English;
			hasScannedForEncodings = 0;
			knownRegions = (
				en,
				Base,
			);
			mainGroup = 30DA1CE51A61CF660055B98C;
			productRefGroup = 30DA1CEF1A61CF660055B98C /* Products */;
			projectDirPath = "";
			projectRoot = "";
			targets = (
				30DA1CED1A61CF660055B98C /* Aerolineas Ejecutivas */,
				30DA1D061A61CF660055B98C /* Aerolineas EjecutivasTests */,
			);
		};
/* End PBXProject section */

/* Begin PBXResourcesBuildPhase section */
		30DA1CEC1A61CF660055B98C /* Resources */ = {
			isa = PBXResourcesBuildPhase;
			buildActionMask = 2147483647;
			files = (
				30DA1CFD1A61CF660055B98C /* Main.storyboard in Resources */,
				30DA1D021A61CF660055B98C /* LaunchScreen.xib in Resources */,
				30DA1CFF1A61CF660055B98C /* Images.xcassets in Resources */,
			);
			runOnlyForDeploymentPostprocessing = 0;
		};
		30DA1D051A61CF660055B98C /* Resources */ = {
			isa = PBXResourcesBuildPhase;
			buildActionMask = 2147483647;
			files = (
			);
			runOnlyForDeploymentPostprocessing = 0;
		};
/* End PBXResourcesBuildPhase section */

/* Begin PBXSourcesBuildPhase section */
		30DA1CEA1A61CF660055B98C /* Sources */ = {
			isa = PBXSourcesBuildPhase;
			buildActionMask = 2147483647;
			files = (
				30DA1D191A61D5130055B98C /* Hawer750ViewController.m in Sources */,
				30DA1D1D1A61D8330055B98C /* Hawer400ViewController.m in Sources */,
				30DA1CF71A61CF660055B98C /* AppDelegate.m in Sources */,
				30DA1D201A61D8460055B98C /* Jet45ViewController.m in Sources */,
				30DA1CF41A61CF660055B98C /* main.m in Sources */,
			);
			runOnlyForDeploymentPostprocessing = 0;
		};
		30DA1D031A61CF660055B98C /* Sources */ = {
			isa = PBXSourcesBuildPhase;
			buildActionMask = 2147483647;
			files = (
				30DA1D0E1A61CF660055B98C /* Aerolineas_EjecutivasTests.m in Sources */,
			);
			runOnlyForDeploymentPostprocessing = 0;
		};
/* End PBXSourcesBuildPhase section */

/* Begin PBXTargetDependency section */
		30DA1D091A61CF660055B98C /* PBXTargetDependency */ = {
			isa = PBXTargetDependency;
			target = 30DA1CED1A61CF660055B98C /* Aerolineas Ejecutivas */;
			targetProxy = 30DA1D081A61CF660055B98C /* PBXContainerItemProxy */;
		};
/* End PBXTargetDependency section */

/* Begin PBXVariantGroup section */
		30DA1CFB1A61CF660055B98C /* Main.storyboard */ = {
			isa = PBXVariantGroup;
			children = (
				30DA1CFC1A61CF660055B98C /* Base */,
			);
			name = Main.storyboard;
			sourceTree = "<group>";
		};
		30DA1D001A61CF660055B98C /* LaunchScreen.xib */ = {
			isa = PBXVariantGroup;
			children = (
				30DA1D011A61CF660055B98C /* Base */,
			);
			name = LaunchScreen.xib;
			sourceTree = "<group>";
		};
/* End PBXVariantGroup section */

/* Begin XCBuildConfiguration section */
		30DA1D0F1A61CF660055B98C /* Debug */ = {
			isa = XCBuildConfiguration;
			buildSettings = {
				ALWAYS_SEARCH_USER_PATHS = NO;
				CLANG_CXX_LANGUAGE_STANDARD = "gnu++0x";
				CLANG_CXX_LIBRARY = "libc++";
				CLANG_ENABLE_MODULES = YES;
				CLANG_ENABLE_OBJC_ARC = YES;
				CLANG_WARN_BOOL_CONVERSION = YES;
				CLANG_WARN_CONSTANT_CONVERSION = YES;
				CLANG_WARN_DIRECT_OBJC_ISA_USAGE = YES_ERROR;
				CLANG_WARN_EMPTY_BODY = YES;
				CLANG_WARN_ENUM_CONVERSION = YES;
				CLANG_WARN_INT_CONVERSION = YES;
				CLANG_WARN_OBJC_ROOT_CLASS = YES_ERROR;
				CLANG_WARN_UNREACHABLE_CODE = YES;
				CLANG_WARN__DUPLICATE_METHOD_MATCH = YES;
				"CODE_SIGN_IDENTITY[sdk=iphoneos*]" = "iPhone Developer";
				COPY_PHASE_STRIP = NO;
				ENABLE_STRICT_OBJC_MSGSEND = YES;
				GCC_C_LANGUAGE_STANDARD = gnu99;
				GCC_DYNAMIC_NO_PIC = NO;
				GCC_OPTIMIZATION_LEVEL = 0;
				GCC_PREPROCESSOR_DEFINITIONS = (
					"DEBUG=1",
					"$(inherited)",
				);
				GCC_SYMBOLS_PRIVATE_EXTERN = NO;
				GCC_WARN_64_TO_32_BIT_CONVERSION = YES;
				GCC_WARN_ABOUT_RETURN_TYPE = YES_ERROR;
				GCC_WARN_UNDECLARED_SELECTOR = YES;
				GCC_WARN_UNINITIALIZED_AUTOS = YES_AGGRESSIVE;
				GCC_WARN_UNUSED_FUNCTION = YES;
				GCC_WARN_UNUSED_VARIABLE = YES;
				IPHONEOS_DEPLOYMENT_TARGET = 8.1;
				MTL_ENABLE_DEBUG_INFO = YES;
				ONLY_ACTIVE_ARCH = YES;
				SDKROOT = iphoneos;
			};
			name = Debug;
		};
		30DA1D101A61CF660055B98C /* Release */ = {
			isa = XCBuildConfiguration;
			buildSettings = {
				ALWAYS_SEARCH_USER_PATHS = NO;
				CLANG_CXX_LANGUAGE_STANDARD = "gnu++0x";
				CLANG_CXX_LIBRARY = "libc++";
				CLANG_ENABLE_MODULES = YES;
				CLANG_ENABLE_OBJC_ARC = YES;
				CLANG_WARN_BOOL_CONVERSION = YES;
				CLANG_WARN_CONSTANT_CONVERSION = YES;
				CLANG_WARN_DIRECT_OBJC_ISA_USAGE = YES_ERROR;
				CLANG_WARN_EMPTY_BODY = YES;
				CLANG_WARN_ENUM_CONVERSION = YES;
				CLANG_WARN_INT_CONVERSION = YES;
				CLANG_WARN_OBJC_ROOT_CLASS = YES_ERROR;
				CLANG_WARN_UNREACHABLE_CODE = YES;
				CLANG_WARN__DUPLICATE_METHOD_MATCH = YES;
				"CODE_SIGN_IDENTITY[sdk=iphoneos*]" = "iPhone Developer";
				COPY_PHASE_STRIP = YES;
				ENABLE_NS_ASSERTIONS = NO;
				ENABLE_STRICT_OBJC_MSGSEND = YES;
				GCC_C_LANGUAGE_STANDARD = gnu99;
				GCC_WARN_64_TO_32_BIT_CONVERSION = YES;
				GCC_WARN_ABOUT_RETURN_TYPE = YES_ERROR;
				GCC_WARN_UNDECLARED_SELECTOR = YES;
				GCC_WARN_UNINITIALIZED_AUTOS = YES_AGGRESSIVE;
				GCC_WARN_UNUSED_FUNCTION = YES;
				GCC_WARN_UNUSED_VARIABLE = YES;
				IPHONEOS_DEPLOYMENT_TARGET = 8.1;
				MTL_ENABLE_DEBUG_INFO = NO;
				SDKROOT = iphoneos;
				VALIDATE_PRODUCT = YES;
			};
			name = Release;
		};
		30DA1D121A61CF660055B98C /* Debug */ = {
			isa = XCBuildConfiguration;
			buildSettings = {
				ASSETCATALOG_COMPILER_APPICON_NAME = AppIcon;
				INFOPLIST_FILE = "Aerolineas Ejecutivas/Info.plist";
				LD_RUNPATH_SEARCH_PATHS = "$(inherited) @executable_path/Frameworks";
				PRODUCT_NAME = "$(TARGET_NAME)";
			};
			name = Debug;
		};
		30DA1D131A61CF660055B98C /* Release */ = {
			isa = XCBuildConfiguration;
			buildSettings = {
				ASSETCATALOG_COMPILER_APPICON_NAME = AppIcon;
				INFOPLIST_FILE = "Aerolineas Ejecutivas/Info.plist";
				LD_RUNPATH_SEARCH_PATHS = "$(inherited) @executable_path/Frameworks";
				PRODUCT_NAME = "$(TARGET_NAME)";
			};
			name = Release;
		};
		30DA1D151A61CF660055B98C /* Debug */ = {
			isa = XCBuildConfiguration;
			buildSettings = {
				BUNDLE_LOADER = "$(TEST_HOST)";
				FRAMEWORK_SEARCH_PATHS = (
					"$(SDKROOT)/Developer/Library/Frameworks",
					"$(inherited)",
				);
				GCC_PREPROCESSOR_DEFINITIONS = (
					"DEBUG=1",
					"$(inherited)",
				);
				INFOPLIST_FILE = "Aerolineas EjecutivasTests/Info.plist";
				LD_RUNPATH_SEARCH_PATHS = "$(inherited) @executable_path/Frameworks @loader_path/Frameworks";
				PRODUCT_NAME = "$(TARGET_NAME)";
				TEST_HOST = "$(BUILT_PRODUCTS_DIR)/Aerolineas Ejecutivas.app/Aerolineas Ejecutivas";
			};
			name = Debug;
		};
		30DA1D161A61CF660055B98C /* Release */ = {
			isa = XCBuildConfiguration;
			buildSettings = {
				BUNDLE_LOADER = "$(TEST_HOST)";
				FRAMEWORK_SEARCH_PATHS = (
					"$(SDKROOT)/Developer/Library/Frameworks",
					"$(inherited)",
				);
				INFOPLIST_FILE = "Aerolineas EjecutivasTests/Info.plist";
				LD_RUNPATH_SEARCH_PATHS = "$(inherited) @executable_path/Frameworks @loader_path/Frameworks";
				PRODUCT_NAME = "$(TARGET_NAME)";
				TEST_HOST = "$(BUILT_PRODUCTS_DIR)/Aerolineas Ejecutivas.app/Aerolineas Ejecutivas";
			};
			name = Release;
		};
/* End XCBuildConfiguration section */

/* Begin XCConfigurationList section */
		30DA1CE91A61CF660055B98C /* Build configuration list for PBXProject "Aerolineas Ejecutivas" */ = {
			isa = XCConfigurationList;
			buildConfigurations = (
				30DA1D0F1A61CF660055B98C /* Debug */,
				30DA1D101A61CF660055B98C /* Release */,
			);
			defaultConfigurationIsVisible = 0;
			defaultConfigurationName = Release;
		};
		30DA1D111A61CF660055B98C /* Build configuration list for PBXNativeTarget "Aerolineas Ejecutivas" */ = {
			isa = XCConfigurationList;
			buildConfigurations = (
				30DA1D121A61CF660055B98C /* Debug */,
				30DA1D131A61CF660055B98C /* Release */,
			);
			defaultConfigurationIsVisible = 0;
		};
		30DA1D141A61CF660055B98C /* Build configuration list for PBXNativeTarget "Aerolineas EjecutivasTests" */ = {
			isa = XCConfigurationList;
			buildConfigurations = (
				30DA1D151A61CF660055B98C /* Debug */,
				30DA1D161A61CF660055B98C /* Release */,
			);
			defaultConfigurationIsVisible = 0;
		};
/* End XCConfigurationList section */
	};
	rootObject = 30DA1CE61A61CF660055B98C /* Project object */;
}
